
Microsoft Visual Studio Solution File, Format Version 11.00
# Visual Studio 2010
Project("{E24C65DC-7377-472B-9ABA-BC803B73C61A}") = "SessionState", "D:\Demofiles\M13\VB\SessionState\", "{F5DCDAE3-A731-4566-B418-42819D00B775}"
	ProjectSection(WebsiteProperties) = preProject
		TargetFrameworkMoniker = ".NETFramework,Version%3Dv4.0"
		Debug.AspNetCompiler.VirtualPath = "/SessionState"
		Debug.AspNetCompiler.PhysicalPath = "SessionState\"
		Debug.AspNetCompiler.TargetPath = "PrecompiledWeb\SessionState\"
		Debug.AspNetCompiler.Updateable = "true"
		Debug.AspNetCompiler.ForceOverwrite = "true"
		Debug.AspNetCompiler.FixedNames = "false"
		Debug.AspNetCompiler.Debug = "True"
		Release.AspNetCompiler.VirtualPath = "/SessionState"
		Release.AspNetCompiler.PhysicalPath = "SessionState\"
		Release.AspNetCompiler.TargetPath = "PrecompiledWeb\SessionState\"
		Release.AspNetCompiler.Updateable = "true"
		Release.AspNetCompiler.ForceOverwrite = "true"
		Release.AspNetCompiler.FixedNames = "false"
		Release.AspNetCompiler.Debug = "False"
		VWDPort = "49350"
		DefaultWebSiteLanguage = "Visual Basic"
	EndProjectSection
EndProject
Global
	GlobalSection(SolutionConfigurationPlatforms) = preSolution
		Debug|Any CPU = Debug|Any CPU
	EndGlobalSection
	GlobalSection(ProjectConfigurationPlatforms) = postSolution
		{F5DCDAE3-A731-4566-B418-42819D00B775}.Debug|Any CPU.ActiveCfg = Debug|Any CPU
		{F5DCDAE3-A731-4566-B418-42819D00B775}.Debug|Any CPU.Build.0 = Debug|Any CPU
	EndGlobalSection
	GlobalSection(SolutionProperties) = preSolution
		HideSolutionNode = FALSE
	EndGlobalSection
EndGlobal
