
Microsoft Visual Studio Solution File, Format Version 11.00
# Visual Studio 2010
Project("{E24C65DC-7377-472B-9ABA-BC803B73C61A}") = "CustomerManagement", "CustomerManagement\", "{9EE2DD97-7E99-425E-BFEF-594673839AFD}"
	ProjectSection(WebsiteProperties) = preProject
		TargetFrameworkMoniker = ".NETFramework,Version%3Dv4.0"
		ProjectReferences = "{86DBC9EC-C9D3-4B95-A5C3-E02E032B75FC}|CustomerManagementEntities.dll;"
		Debug.AspNetCompiler.VirtualPath = "/CustomerManagement"
		Debug.AspNetCompiler.PhysicalPath = "CustomerManagement\"
		Debug.AspNetCompiler.TargetPath = "PrecompiledWeb\CustomerManagement\"
		Debug.AspNetCompiler.Updateable = "true"
		Debug.AspNetCompiler.ForceOverwrite = "true"
		Debug.AspNetCompiler.FixedNames = "false"
		Debug.AspNetCompiler.Debug = "True"
		Release.AspNetCompiler.VirtualPath = "/CustomerManagement"
		Release.AspNetCompiler.PhysicalPath = "CustomerManagement\"
		Release.AspNetCompiler.TargetPath = "PrecompiledWeb\CustomerManagement\"
		Release.AspNetCompiler.Updateable = "true"
		Release.AspNetCompiler.ForceOverwrite = "true"
		Release.AspNetCompiler.FixedNames = "false"
		Release.AspNetCompiler.Debug = "False"
		VWDPort = "1110"
		VWDDynamicPort = "false"
		DefaultWebSiteLanguage = "Visual C#"
	EndProjectSection
EndProject
Project("{FAE04EC0-301F-11D3-BF4B-00C04F79EFBC}") = "CustomerManagementEntities", "CustomerManagementEntities\CustomerManagementEntities.csproj", "{86DBC9EC-C9D3-4B95-A5C3-E02E032B75FC}"
EndProject
Global
	GlobalSection(SolutionConfigurationPlatforms) = preSolution
		Debug|Any CPU = Debug|Any CPU
		Release|Any CPU = Release|Any CPU
	EndGlobalSection
	GlobalSection(ProjectConfigurationPlatforms) = postSolution
		{9EE2DD97-7E99-425E-BFEF-594673839AFD}.Debug|Any CPU.ActiveCfg = Debug|Any CPU
		{9EE2DD97-7E99-425E-BFEF-594673839AFD}.Debug|Any CPU.Build.0 = Debug|Any CPU
		{9EE2DD97-7E99-425E-BFEF-594673839AFD}.Release|Any CPU.ActiveCfg = Debug|Any CPU
		{9EE2DD97-7E99-425E-BFEF-594673839AFD}.Release|Any CPU.Build.0 = Debug|Any CPU
		{86DBC9EC-C9D3-4B95-A5C3-E02E032B75FC}.Debug|Any CPU.ActiveCfg = Debug|Any CPU
		{86DBC9EC-C9D3-4B95-A5C3-E02E032B75FC}.Debug|Any CPU.Build.0 = Debug|Any CPU
		{86DBC9EC-C9D3-4B95-A5C3-E02E032B75FC}.Release|Any CPU.ActiveCfg = Release|Any CPU
		{86DBC9EC-C9D3-4B95-A5C3-E02E032B75FC}.Release|Any CPU.Build.0 = Release|Any CPU
	EndGlobalSection
	GlobalSection(SolutionProperties) = preSolution
		HideSolutionNode = FALSE
	EndGlobalSection
	GlobalSection(SpecExplorer.ActivityCompletionStatus) = preSolution
		SpecExplorer.ActivityCompletionStatus = 
	EndGlobalSection
EndGlobal
